// !$*UTF8*$!
{
	archiveVersion = 1;
	classes = {
	};
	objectVersion = 56;
	objects = {

/* Begin PBXBuildFile section */
		295D015F2F61B071D9F92F8B /* AntigravityAccessibilityClient.swift in Sources */ = {isa = PBXBuildFile; fileRef = D68571A1C7F941A7CA128D96 /* AntigravityAccessibilityClient.swift */; };
		A10000000000000000000001 /* App.swift in Sources */ = {isa = PBXBuildFile; fileRef = B10000000000000000000001 /* App.swift */; };
		A10000000000000000000002 /* Domain.swift in Sources */ = {isa = PBXBuildFile; fileRef = B10000000000000000000002 /* Domain.swift */; };
		A10000000000000000000003 /* AccessibilityClient.swift in Sources */ = {isa = PBXBuildFile; fileRef = B10000000000000000000003 /* AccessibilityClient.swift */; };
		A10000000000000000000004 /* SystemAccessibilityClient.swift in Sources */ = {isa = PBXBuildFile; fileRef = B10000000000000000000004 /* SystemAccessibilityClient.swift */; };
		A10000000000000000000005 /* Hotkeys.swift in Sources */ = {isa = PBXBuildFile; fileRef = B10000000000000000000005 /* Hotkeys.swift */; };
		A10000000000000000000006 /* Permissions.swift in Sources */ = {isa = PBXBuildFile; fileRef = B10000000000000000000006 /* Permissions.swift */; };
		A10000000000000000000007 /* ProfileStore.swift in Sources */ = {isa = PBXBuildFile; fileRef = B10000000000000000000009 /* ProfileStore.swift */; };
		A10000000000000000000008 /* SettingsView.swift in Sources */ = {isa = PBXBuildFile; fileRef = B10000000000000000000010 /* SettingsView.swift */; };
		A10000000000000000000011 /* DomainTests.swift in Sources */ = {isa = PBXBuildFile; fileRef = B10000000000000000000011 /* DomainTests.swift */; };
		A10000000000000000000012 /* HotkeyMatcherTests.swift in Sources */ = {isa = PBXBuildFile; fileRef = B10000000000000000000012 /* HotkeyMatcherTests.swift */; };
		A10000000000000000000013 /* ProfileSwitchCoordinatorTests.swift in Sources */ = {isa = PBXBuildFile; fileRef = B10000000000000000000013 /* ProfileSwitchCoordinatorTests.swift */; };
		A10000000000000000000014 /* ProfileStoreTests.swift in Sources */ = {isa = PBXBuildFile; fileRef = B10000000000000000000015 /* ProfileStoreTests.swift */; };
		A10000000000000000000015 /* Assets.xcassets in Resources */ = {isa = PBXBuildFile; fileRef = B10000000000000000000016 /* Assets.xcassets */; };
		A10000000000000000000016 /* PermissionTests.swift in Sources */ = {isa = PBXBuildFile; fileRef = B10000000000000000000019 /* PermissionTests.swift */; };
		A10000000000000000000017 /* ClaudeCodeAccessibilityClient.swift in Sources */ = {isa = PBXBuildFile; fileRef = B10000000000000000000020 /* ClaudeCodeAccessibilityClient.swift */; };
		A10000000000000000000018 /* ClaudeCodeSwitchCoordinatorTests.swift in Sources */ = {isa = PBXBuildFile; fileRef = B10000000000000000000021 /* ClaudeCodeSwitchCoordinatorTests.swift */; };
		A10000000000000000000019 /* CursorAccessibilityClient.swift in Sources */ = {isa = PBXBuildFile; fileRef = B10000000000000000000022 /* CursorAccessibilityClient.swift */; };
		A10000000000000000000020 /* CursorSwitchCoordinatorTests.swift in Sources */ = {isa = PBXBuildFile; fileRef = B10000000000000000000023 /* CursorSwitchCoordinatorTests.swift */; };
		A10000000000000000000021 /* CursorUnreadSession.swift in Sources */ = {isa = PBXBuildFile; fileRef = B10000000000000000000024 /* CursorUnreadSession.swift */; };
		A10000000000000000000022 /* CursorUnreadSessionTests.swift in Sources */ = {isa = PBXBuildFile; fileRef = B10000000000000000000025 /* CursorUnreadSessionTests.swift */; };
		A10000000000000000000023 /* TargetDispatcher.swift in Sources */ = {isa = PBXBuildFile; fileRef = B10000000000000000000026 /* TargetDispatcher.swift */; };
		A10000000000000000000024 /* ChatGPTSurface.swift in Sources */ = {isa = PBXBuildFile; fileRef = B10000000000000000000027 /* ChatGPTSurface.swift */; };
		A10000000000000000000025 /* TargetDispatcherTests.swift in Sources */ = {isa = PBXBuildFile; fileRef = B10000000000000000000028 /* TargetDispatcherTests.swift */; };
		A10000000000000000000026 /* ChatGPTSurfaceTests.swift in Sources */ = {isa = PBXBuildFile; fileRef = B10000000000000000000029 /* ChatGPTSurfaceTests.swift */; };
		A10000000000000000000027 /* CompatibilityHealth.swift in Sources */ = {isa = PBXBuildFile; fileRef = B10000000000000000000030 /* CompatibilityHealth.swift */; };
		A10000000000000000000028 /* CompatibilityHealthTests.swift in Sources */ = {isa = PBXBuildFile; fileRef = B10000000000000000000031 /* CompatibilityHealthTests.swift */; };
/* End PBXBuildFile section */

/* Begin PBXContainerItemProxy section */
		D20000000000000000000001 /* PBXContainerItemProxy */ = {
			isa = PBXContainerItemProxy;
			containerPortal = E20000000000000000000001 /* Project object */;
			proxyType = 1;
			remoteGlobalIDString = E10000000000000000000001;
			remoteInfo = ReasonDeck;
		};
/* End PBXContainerItemProxy section */

/* Begin PBXFileReference section */
		B10000000000000000000001 /* App.swift */ = {isa = PBXFileReference; lastKnownFileType = sourcecode.swift; path = App.swift; sourceTree = "<group>"; };
		B10000000000000000000002 /* Domain.swift */ = {isa = PBXFileReference; lastKnownFileType = sourcecode.swift; path = Domain.swift; sourceTree = "<group>"; };
		B10000000000000000000003 /* AccessibilityClient.swift */ = {isa = PBXFileReference; lastKnownFileType = sourcecode.swift; path = AccessibilityClient.swift; sourceTree = "<group>"; };
		B10000000000000000000004 /* SystemAccessibilityClient.swift */ = {isa = PBXFileReference; lastKnownFileType = sourcecode.swift; path = SystemAccessibilityClient.swift; sourceTree = "<group>"; };
		B10000000000000000000005 /* Hotkeys.swift */ = {isa = PBXFileReference; lastKnownFileType = sourcecode.swift; path = Hotkeys.swift; sourceTree = "<group>"; };
		B10000000000000000000006 /* Permissions.swift */ = {isa = PBXFileReference; lastKnownFileType = sourcecode.swift; path = Permissions.swift; sourceTree = "<group>"; };
		B10000000000000000000007 /* Info.plist */ = {isa = PBXFileReference; lastKnownFileType = text.plist.xml; path = Info.plist; sourceTree = "<group>"; };
		B10000000000000000000008 /* ReasonDeck.app */ = {isa = PBXFileReference; explicitFileType = wrapper.application; includeInIndex = 0; path = ReasonDeck.app; sourceTree = BUILT_PRODUCTS_DIR; };
		B10000000000000000000009 /* ProfileStore.swift */ = {isa = PBXFileReference; lastKnownFileType = sourcecode.swift; path = ProfileStore.swift; sourceTree = "<group>"; };
		B10000000000000000000010 /* SettingsView.swift */ = {isa = PBXFileReference; lastKnownFileType = sourcecode.swift; path = SettingsView.swift; sourceTree = "<group>"; };
		B10000000000000000000011 /* DomainTests.swift */ = {isa = PBXFileReference; lastKnownFileType = sourcecode.swift; path = DomainTests.swift; sourceTree = "<group>"; };
		B10000000000000000000012 /* HotkeyMatcherTests.swift */ = {isa = PBXFileReference; lastKnownFileType = sourcecode.swift; path = HotkeyMatcherTests.swift; sourceTree = "<group>"; };
		B10000000000000000000013 /* ProfileSwitchCoordinatorTests.swift */ = {isa = PBXFileReference; lastKnownFileType = sourcecode.swift; path = ProfileSwitchCoordinatorTests.swift; sourceTree = "<group>"; };
		B10000000000000000000014 /* ReasonDeckTests.xctest */ = {isa = PBXFileReference; explicitFileType = wrapper.cfbundle; includeInIndex = 0; path = ReasonDeckTests.xctest; sourceTree = BUILT_PRODUCTS_DIR; };
		B10000000000000000000015 /* ProfileStoreTests.swift */ = {isa = PBXFileReference; lastKnownFileType = sourcecode.swift; path = ProfileStoreTests.swift; sourceTree = "<group>"; };
		B10000000000000000000016 /* Assets.xcassets */ = {isa = PBXFileReference; lastKnownFileType = folder.assetcatalog; path = Assets.xcassets; sourceTree = "<group>"; };
		B10000000000000000000017 /* Build.xcconfig */ = {isa = PBXFileReference; lastKnownFileType = text.xcconfig; path = Build.xcconfig; sourceTree = "<group>"; };
		B10000000000000000000018 /* Local.xcconfig.example */ = {isa = PBXFileReference; lastKnownFileType = text.xcconfig; path = Local.xcconfig.example; sourceTree = "<group>"; };
		B10000000000000000000019 /* PermissionTests.swift */ = {isa = PBXFileReference; lastKnownFileType = sourcecode.swift; path = PermissionTests.swift; sourceTree = "<group>"; };
		B10000000000000000000020 /* ClaudeCodeAccessibilityClient.swift */ = {isa = PBXFileReference; lastKnownFileType = sourcecode.swift; path = ClaudeCodeAccessibilityClient.swift; sourceTree = "<group>"; };
		B10000000000000000000021 /* ClaudeCodeSwitchCoordinatorTests.swift */ = {isa = PBXFileReference; lastKnownFileType = sourcecode.swift; path = ClaudeCodeSwitchCoordinatorTests.swift; sourceTree = "<group>"; };
		B10000000000000000000022 /* CursorAccessibilityClient.swift */ = {isa = PBXFileReference; lastKnownFileType = sourcecode.swift; path = CursorAccessibilityClient.swift; sourceTree = "<group>"; };
		B10000000000000000000023 /* CursorSwitchCoordinatorTests.swift */ = {isa = PBXFileReference; lastKnownFileType = sourcecode.swift; path = CursorSwitchCoordinatorTests.swift; sourceTree = "<group>"; };
		B10000000000000000000024 /* CursorUnreadSession.swift */ = {isa = PBXFileReference; lastKnownFileType = sourcecode.swift; path = CursorUnreadSession.swift; sourceTree = "<group>"; };
		B10000000000000000000025 /* CursorUnreadSessionTests.swift */ = {isa = PBXFileReference; lastKnownFileType = sourcecode.swift; path = CursorUnreadSessionTests.swift; sourceTree = "<group>"; };
		B10000000000000000000026 /* TargetDispatcher.swift */ = {isa = PBXFileReference; lastKnownFileType = sourcecode.swift; path = TargetDispatcher.swift; sourceTree = "<group>"; };
		B10000000000000000000027 /* ChatGPTSurface.swift */ = {isa = PBXFileReference; lastKnownFileType = sourcecode.swift; path = ChatGPTSurface.swift; sourceTree = "<group>"; };
		B10000000000000000000028 /* TargetDispatcherTests.swift */ = {isa = PBXFileReference; lastKnownFileType = sourcecode.swift; path = TargetDispatcherTests.swift; sourceTree = "<group>"; };
		B10000000000000000000029 /* ChatGPTSurfaceTests.swift */ = {isa = PBXFileReference; lastKnownFileType = sourcecode.swift; path = ChatGPTSurfaceTests.swift; sourceTree = "<group>"; };
		B10000000000000000000030 /* CompatibilityHealth.swift */ = {isa = PBXFileReference; lastKnownFileType = sourcecode.swift; path = CompatibilityHealth.swift; sourceTree = "<group>"; };
		B10000000000000000000031 /* CompatibilityHealthTests.swift */ = {isa = PBXFileReference; lastKnownFileType = sourcecode.swift; path = CompatibilityHealthTests.swift; sourceTree = "<group>"; };
		D68571A1C7F941A7CA128D96 /* AntigravityAccessibilityClient.swift */ = {isa = PBXFileReference; includeInIndex = 1; lastKnownFileType = sourcecode.swift; path = AntigravityAccessibilityClient.swift; sourceTree = "<group>"; };
/* End PBXFileReference section */

/* Begin PBXFrameworksBuildPhase section */
		D10000000000000000000002 /* Frameworks */ = {
			isa = PBXFrameworksBuildPhase;
			buildActionMask = 2147483647;
			files = (
			);
			runOnlyForDeploymentPostprocessing = 0;
		};
		D10000000000000000000012 /* Frameworks */ = {
			isa = PBXFrameworksBuildPhase;
			buildActionMask = 2147483647;
			files = (
			);
			runOnlyForDeploymentPostprocessing = 0;
		};
/* End PBXFrameworksBuildPhase section */

/* Begin PBXGroup section */
		C10000000000000000000001 = {
			isa = PBXGroup;
			children = (
				C10000000000000000000002 /* Sources */,
				C10000000000000000000004 /* Tests */,
				C10000000000000000000005 /* Resources */,
				C10000000000000000000006 /* Config */,
				B10000000000000000000007 /* Info.plist */,
				C10000000000000000000003 /* Products */,
			);
			sourceTree = "<group>";
		};
		C10000000000000000000002 /* Sources */ = {
			isa = PBXGroup;
			children = (
				B10000000000000000000001 /* App.swift */,
				B10000000000000000000002 /* Domain.swift */,
				B10000000000000000000030 /* CompatibilityHealth.swift */,
				B10000000000000000000003 /* AccessibilityClient.swift */,
				B10000000000000000000004 /* SystemAccessibilityClient.swift */,
				B10000000000000000000026 /* TargetDispatcher.swift */,
				B10000000000000000000027 /* ChatGPTSurface.swift */,
				B10000000000000000000020 /* ClaudeCodeAccessibilityClient.swift */,
				B10000000000000000000022 /* CursorAccessibilityClient.swift */,
				B10000000000000000000024 /* CursorUnreadSession.swift */,
				B10000000000000000000005 /* Hotkeys.swift */,
				B10000000000000000000006 /* Permissions.swift */,
				B10000000000000000000009 /* ProfileStore.swift */,
				B10000000000000000000010 /* SettingsView.swift */,
				D68571A1C7F941A7CA128D96 /* AntigravityAccessibilityClient.swift */,
			);
			path = Sources;
			sourceTree = "<group>";
		};
		C10000000000000000000003 /* Products */ = {
			isa = PBXGroup;
			children = (
				B10000000000000000000008 /* ReasonDeck.app */,
				B10000000000000000000014 /* ReasonDeckTests.xctest */,
			);
			name = Products;
			sourceTree = "<group>";
		};
		C10000000000000000000004 /* Tests */ = {
			isa = PBXGroup;
			children = (
				B10000000000000000000011 /* DomainTests.swift */,
				B10000000000000000000012 /* HotkeyMatcherTests.swift */,
				B10000000000000000000013 /* ProfileSwitchCoordinatorTests.swift */,
				B10000000000000000000028 /* TargetDispatcherTests.swift */,
				B10000000000000000000029 /* ChatGPTSurfaceTests.swift */,
				B10000000000000000000031 /* CompatibilityHealthTests.swift */,
				B10000000000000000000021 /* ClaudeCodeSwitchCoordinatorTests.swift */,
				B10000000000000000000023 /* CursorSwitchCoordinatorTests.swift */,
				B10000000000000000000025 /* CursorUnreadSessionTests.swift */,
				B10000000000000000000015 /* ProfileStoreTests.swift */,
				B10000000000000000000019 /* PermissionTests.swift */,
			);
			path = Tests;
			sourceTree = "<group>";
		};
		C10000000000000000000005 /* Resources */ = {
			isa = PBXGroup;
			children = (
				B10000000000000000000016 /* Assets.xcassets */,
			);
			path = Resources;
			sourceTree = "<group>";
		};
		C10000000000000000000006 /* Config */ = {
			isa = PBXGroup;
			children = (
				B10000000000000000000017 /* Build.xcconfig */,
				B10000000000000000000018 /* Local.xcconfig.example */,
			);
			path = Config;
			sourceTree = "<group>";
		};
/* End PBXGroup section */

/* Begin PBXNativeTarget section */
		E10000000000000000000001 /* ReasonDeck */ = {
			isa = PBXNativeTarget;
			buildConfigurationList = F10000000000000000000002 /* Build configuration list for PBXNativeTarget "ReasonDeck" */;
			buildPhases = (
				D10000000000000000000001 /* Sources */,
				D10000000000000000000002 /* Frameworks */,
				D10000000000000000000003 /* Resources */,
			);
			buildRules = (
			);
			dependencies = (
			);
			name = ReasonDeck;
			productName = ReasonDeck;
			productReference = B10000000000000000000008 /* ReasonDeck.app */;
			productType = "com.apple.product-type.application";
		};
		E10000000000000000000002 /* ReasonDeckTests */ = {
			isa = PBXNativeTarget;
			buildConfigurationList = F10000000000000000000003 /* Build configuration list for PBXNativeTarget "ReasonDeckTests" */;
			buildPhases = (
				D10000000000000000000011 /* Sources */,
				D10000000000000000000012 /* Frameworks */,
				D10000000000000000000013 /* Resources */,
			);
			buildRules = (
			);
			dependencies = (
				D30000000000000000000001 /* PBXTargetDependency */,
			);
			name = ReasonDeckTests;
			productName = ReasonDeckTests;
			productReference = B10000000000000000000014 /* ReasonDeckTests.xctest */;
			productType = "com.apple.product-type.bundle.unit-test";
		};
/* End PBXNativeTarget section */

/* Begin PBXProject section */
		E20000000000000000000001 /* Project object */ = {
			isa = PBXProject;
			attributes = {
				BuildIndependentTargetsInParallel = 1;
				LastSwiftUpdateCheck = 2660;
				LastUpgradeCheck = 2660;
				TargetAttributes = {
					E10000000000000000000001 = {
						CreatedOnToolsVersion = 26.6;
					};
					E10000000000000000000002 = {
						CreatedOnToolsVersion = 26.6;
						TestTargetID = E10000000000000000000001;
					};
				};
			};
			buildConfigurationList = F10000000000000000000001 /* Build configuration list for PBXProject "ReasonDeck" */;
			compatibilityVersion = "Xcode 14.0";
			developmentRegion = en;
			hasScannedForEncodings = 0;
			knownRegions = (
				en,
				Base,
			);
			mainGroup = C10000000000000000000001;
			productRefGroup = C10000000000000000000003 /* Products */;
			projectDirPath = "";
			projectRoot = "";
			targets = (
				E10000000000000000000001 /* ReasonDeck */,
				E10000000000000000000002 /* ReasonDeckTests */,
			);
		};
/* End PBXProject section */

/* Begin PBXResourcesBuildPhase section */
		D10000000000000000000003 /* Resources */ = {
			isa = PBXResourcesBuildPhase;
			buildActionMask = 2147483647;
			files = (
				A10000000000000000000015 /* Assets.xcassets in Resources */,
			);
			runOnlyForDeploymentPostprocessing = 0;
		};
		D10000000000000000000013 /* Resources */ = {
			isa = PBXResourcesBuildPhase;
			buildActionMask = 2147483647;
			files = (
			);
			runOnlyForDeploymentPostprocessing = 0;
		};
/* End PBXResourcesBuildPhase section */

/* Begin PBXSourcesBuildPhase section */
		D10000000000000000000001 /* Sources */ = {
			isa = PBXSourcesBuildPhase;
			buildActionMask = 2147483647;
			files = (
				A10000000000000000000001 /* App.swift in Sources */,
				A10000000000000000000002 /* Domain.swift in Sources */,
				A10000000000000000000027 /* CompatibilityHealth.swift in Sources */,
				A10000000000000000000003 /* AccessibilityClient.swift in Sources */,
				A10000000000000000000004 /* SystemAccessibilityClient.swift in Sources */,
				A10000000000000000000023 /* TargetDispatcher.swift in Sources */,
				A10000000000000000000024 /* ChatGPTSurface.swift in Sources */,
				A10000000000000000000017 /* ClaudeCodeAccessibilityClient.swift in Sources */,
				A10000000000000000000019 /* CursorAccessibilityClient.swift in Sources */,
				A10000000000000000000021 /* CursorUnreadSession.swift in Sources */,
				A10000000000000000000005 /* Hotkeys.swift in Sources */,
				A10000000000000000000006 /* Permissions.swift in Sources */,
				A10000000000000000000007 /* ProfileStore.swift in Sources */,
				A10000000000000000000008 /* SettingsView.swift in Sources */,
				295D015F2F61B071D9F92F8B /* AntigravityAccessibilityClient.swift in Sources */,
			);
			runOnlyForDeploymentPostprocessing = 0;
		};
		D10000000000000000000011 /* Sources */ = {
			isa = PBXSourcesBuildPhase;
			buildActionMask = 2147483647;
			files = (
				A10000000000000000000011 /* DomainTests.swift in Sources */,
				A10000000000000000000012 /* HotkeyMatcherTests.swift in Sources */,
				A10000000000000000000013 /* ProfileSwitchCoordinatorTests.swift in Sources */,
				A10000000000000000000025 /* TargetDispatcherTests.swift in Sources */,
				A10000000000000000000026 /* ChatGPTSurfaceTests.swift in Sources */,
				A10000000000000000000028 /* CompatibilityHealthTests.swift in Sources */,
				A10000000000000000000018 /* ClaudeCodeSwitchCoordinatorTests.swift in Sources */,
				A10000000000000000000020 /* CursorSwitchCoordinatorTests.swift in Sources */,
				A10000000000000000000022 /* CursorUnreadSessionTests.swift in Sources */,
				A10000000000000000000014 /* ProfileStoreTests.swift in Sources */,
				A10000000000000000000016 /* PermissionTests.swift in Sources */,
			);
			runOnlyForDeploymentPostprocessing = 0;
		};
/* End PBXSourcesBuildPhase section */

/* Begin PBXTargetDependency section */
		D30000000000000000000001 /* PBXTargetDependency */ = {
			isa = PBXTargetDependency;
			target = E10000000000000000000001 /* ReasonDeck */;
			targetProxy = D20000000000000000000001 /* PBXContainerItemProxy */;
		};
/* End PBXTargetDependency section */

/* Begin XCBuildConfiguration section */
		F20000000000000000000001 /* Debug */ = {
			isa = XCBuildConfiguration;
			buildSettings = {
				ASSETCATALOG_COMPILER_APPICON_NAME = AppIcon;
				CLANG_ENABLE_MODULES = YES;
				MACOSX_DEPLOYMENT_TARGET = 14.0;
				SDKROOT = macosx;
				SWIFT_VERSION = 6.0;
			};
			name = Debug;
		};
		F20000000000000000000002 /* Release */ = {
			isa = XCBuildConfiguration;
			buildSettings = {
				ASSETCATALOG_COMPILER_APPICON_NAME = AppIcon;
				CLANG_ENABLE_MODULES = YES;
				MACOSX_DEPLOYMENT_TARGET = 14.0;
				SDKROOT = macosx;
				SWIFT_COMPILATION_MODE = wholemodule;
				SWIFT_OPTIMIZATION_LEVEL = "-O";
				SWIFT_VERSION = 6.0;
			};
			name = Release;
		};
		F20000000000000000000003 /* Debug */ = {
			isa = XCBuildConfiguration;
			baseConfigurationReference = B10000000000000000000017 /* Build.xcconfig */;
			buildSettings = {
				COMBINE_HIDPI_IMAGES = YES;
				ENABLE_TESTABILITY = YES;
				GENERATE_INFOPLIST_FILE = NO;
				INFOPLIST_FILE = Info.plist;
				LD_RUNPATH_SEARCH_PATHS = (
					"$(inherited)",
					"@executable_path/../Frameworks",
				);
				PRODUCT_BUNDLE_IDENTIFIER = "$(APP_BUNDLE_IDENTIFIER)";
				PRODUCT_NAME = "$(TARGET_NAME)";
				SWIFT_OPTIMIZATION_LEVEL = "-Onone";
				SWIFT_STRICT_CONCURRENCY = complete;
				SWIFT_VERSION = 6.0;
			};
			name = Debug;
		};
		F20000000000000000000004 /* Release */ = {
			isa = XCBuildConfiguration;
			baseConfigurationReference = B10000000000000000000017 /* Build.xcconfig */;
			buildSettings = {
				CODE_SIGN_INJECT_BASE_ENTITLEMENTS = NO;
				COMBINE_HIDPI_IMAGES = YES;
				ENABLE_HARDENED_RUNTIME = YES;
				GENERATE_INFOPLIST_FILE = NO;
				INFOPLIST_FILE = Info.plist;
				LD_RUNPATH_SEARCH_PATHS = (
					"$(inherited)",
					"@executable_path/../Frameworks",
				);
				PRODUCT_BUNDLE_IDENTIFIER = "$(APP_BUNDLE_IDENTIFIER)";
				PRODUCT_NAME = "$(TARGET_NAME)";
				SWIFT_STRICT_CONCURRENCY = complete;
				SWIFT_VERSION = 6.0;
			};
			name = Release;
		};
		F20000000000000000000011 /* Debug */ = {
			isa = XCBuildConfiguration;
			baseConfigurationReference = B10000000000000000000017 /* Build.xcconfig */;
			buildSettings = {
				BUNDLE_LOADER = "$(TEST_HOST)";
				GENERATE_INFOPLIST_FILE = YES;
				MACOSX_DEPLOYMENT_TARGET = 14.0;
				PRODUCT_BUNDLE_IDENTIFIER = "$(APP_BUNDLE_IDENTIFIER).Tests";
				PRODUCT_NAME = "$(TARGET_NAME)";
				SWIFT_STRICT_CONCURRENCY = complete;
				SWIFT_VERSION = 6.0;
				TEST_HOST = "$(BUILT_PRODUCTS_DIR)/ReasonDeck.app/Contents/MacOS/ReasonDeck";
			};
			name = Debug;
		};
		F20000000000000000000012 /* Release */ = {
			isa = XCBuildConfiguration;
			baseConfigurationReference = B10000000000000000000017 /* Build.xcconfig */;
			buildSettings = {
				BUNDLE_LOADER = "$(TEST_HOST)";
				GENERATE_INFOPLIST_FILE = YES;
				MACOSX_DEPLOYMENT_TARGET = 14.0;
				PRODUCT_BUNDLE_IDENTIFIER = "$(APP_BUNDLE_IDENTIFIER).Tests";
				PRODUCT_NAME = "$(TARGET_NAME)";
				SWIFT_STRICT_CONCURRENCY = complete;
				SWIFT_VERSION = 6.0;
				TEST_HOST = "$(BUILT_PRODUCTS_DIR)/ReasonDeck.app/Contents/MacOS/ReasonDeck";
			};
			name = Release;
		};
/* End XCBuildConfiguration section */

/* Begin XCConfigurationList section */
		F10000000000000000000001 /* Build configuration list for PBXProject "ReasonDeck" */ = {
			isa = XCConfigurationList;
			buildConfigurations = (
				F20000000000000000000001 /* Debug */,
				F20000000000000000000002 /* Release */,
			);
			defaultConfigurationIsVisible = 0;
			defaultConfigurationName = Release;
		};
		F10000000000000000000002 /* Build configuration list for PBXNativeTarget "ReasonDeck" */ = {
			isa = XCConfigurationList;
			buildConfigurations = (
				F20000000000000000000003 /* Debug */,
				F20000000000000000000004 /* Release */,
			);
			defaultConfigurationIsVisible = 0;
			defaultConfigurationName = Release;
		};
		F10000000000000000000003 /* Build configuration list for PBXNativeTarget "ReasonDeckTests" */ = {
			isa = XCConfigurationList;
			buildConfigurations = (
				F20000000000000000000011 /* Debug */,
				F20000000000000000000012 /* Release */,
			);
			defaultConfigurationIsVisible = 0;
			defaultConfigurationName = Release;
		};
/* End XCConfigurationList section */
	};
	rootObject = E20000000000000000000001 /* Project object */;
}
